
Microsoft Visual Studio Solution File, Format Version 12.00
# Visual Studio Version 17
VisualStudioVersion = 17.7.34031.279
MinimumVisualStudioVersion = 10.0.40219.1
Project("{9A19103F-16F7-4668-BE54-9A1E7A4F7556}") = "ArdoHTTP", "ArdoHTTP.csproj", "{C635563A-933E-4A45-97E8-ED17B15A885D}"
EndProject
Project("{2150E333-8FDC-42A3-9474-1A3956D46DE8}") = "UnitTests", "UnitTests", "{6EE8CB63-9CEB-47EF-9BCD-E8AE36B66A79}"
EndProject
Project("{FAE04EC0-301F-11D3-BF4B-00C04F79EFBC}") = "ArdoHTTPTests", "..\ArdoHTTPTests\ArdoHTTPTests.csproj", "{84DD5B4D-C1F5-43E6-B8C7-7F8F02968084}"
EndProject
Global
	GlobalSection(SolutionConfigurationPlatforms) = preSolution
		Debug|Any CPU = Debug|Any CPU
		Release|Any CPU = Release|Any CPU
	EndGlobalSection
	GlobalSection(ProjectConfigurationPlatforms) = postSolution
		{C635563A-933E-4A45-97E8-ED17B15A885D}.Debug|Any CPU.ActiveCfg = Debug|Any CPU
		{C635563A-933E-4A45-97E8-ED17B15A885D}.Debug|Any CPU.Build.0 = Debug|Any CPU
		{C635563A-933E-4A45-97E8-ED17B15A885D}.Release|Any CPU.ActiveCfg = Release|Any CPU
		{C635563A-933E-4A45-97E8-ED17B15A885D}.Release|Any CPU.Build.0 = Release|Any CPU
		{84DD5B4D-C1F5-43E6-B8C7-7F8F02968084}.Debug|Any CPU.ActiveCfg = Debug|Any CPU
		{84DD5B4D-C1F5-43E6-B8C7-7F8F02968084}.Debug|Any CPU.Build.0 = Debug|Any CPU
		{84DD5B4D-C1F5-43E6-B8C7-7F8F02968084}.Release|Any CPU.ActiveCfg = Release|Any CPU
		{84DD5B4D-C1F5-43E6-B8C7-7F8F02968084}.Release|Any CPU.Build.0 = Release|Any CPU
	EndGlobalSection
	GlobalSection(SolutionProperties) = preSolution
		HideSolutionNode = FALSE
	EndGlobalSection
	GlobalSection(NestedProjects) = preSolution
		{84DD5B4D-C1F5-43E6-B8C7-7F8F02968084} = {6EE8CB63-9CEB-47EF-9BCD-E8AE36B66A79}
	EndGlobalSection
	GlobalSection(ExtensibilityGlobals) = postSolution
		SolutionGuid = {BBDCE67D-8722-4F18-BB06-254ECD102382}
	EndGlobalSection
EndGlobal
